
Microsoft Visual Studio Solution File, Format Version 12.00
# Visual Studio Version 17
VisualStudioVersion = 17.0.32630.193
MinimumVisualStudioVersion = 10.0.40219.1
Project("{9A19103F-16F7-4668-BE54-9A1E7A4F7556}") = "Replicon.Cryptography.SCrypt", "Replicon.Cryptography.SCrypt\Replicon.Cryptography.SCrypt.csproj", "{CED9B1A4-A1D5-4E52-B3A3-80608EA484E6}"
EndProject
Project("{9A19103F-16F7-4668-BE54-9A1E7A4F7556}") = "Replicon.Cryptography.SCrypt.Tests", "Replicon.Cryptography.SCrypt.Tests\Replicon.Cryptography.SCrypt.Tests.csproj", "{05D34844-8E1F-4155-92E9-D086DE26362F}"
EndProject
Global
	GlobalSection(SolutionConfigurationPlatforms) = preSolution
		Debug .NET 3.5|Any CPU = Debug .NET 3.5|Any CPU
		Debug .NET 3.5|Mixed Platforms = Debug .NET 3.5|Mixed Platforms
		Debug .NET 3.5|Win32 = Debug .NET 3.5|Win32
		Debug .NET 3.5|x64 = Debug .NET 3.5|x64
		Debug .NET 4.0|Any CPU = Debug .NET 4.0|Any CPU
		Debug .NET 4.0|Mixed Platforms = Debug .NET 4.0|Mixed Platforms
		Debug .NET 4.0|Win32 = Debug .NET 4.0|Win32
		Debug .NET 4.0|x64 = Debug .NET 4.0|x64
		Release .NET 3.5|Any CPU = Release .NET 3.5|Any CPU
		Release .NET 3.5|Mixed Platforms = Release .NET 3.5|Mixed Platforms
		Release .NET 3.5|Win32 = Release .NET 3.5|Win32
		Release .NET 3.5|x64 = Release .NET 3.5|x64
		Release .NET 4.0|Any CPU = Release .NET 4.0|Any CPU
		Release .NET 4.0|Mixed Platforms = Release .NET 4.0|Mixed Platforms
		Release .NET 4.0|Win32 = Release .NET 4.0|Win32
		Release .NET 4.0|x64 = Release .NET 4.0|x64
	EndGlobalSection
	GlobalSection(ProjectConfigurationPlatforms) = postSolution
		{CED9B1A4-A1D5-4E52-B3A3-80608EA484E6}.Debug .NET 3.5|Any CPU.ActiveCfg = Debug|Any CPU
		{CED9B1A4-A1D5-4E52-B3A3-80608EA484E6}.Debug .NET 3.5|Any CPU.Build.0 = Debug|Any CPU
		{CED9B1A4-A1D5-4E52-B3A3-80608EA484E6}.Debug .NET 3.5|Mixed Platforms.ActiveCfg = Debug .NET 3.5|Any CPU
		{CED9B1A4-A1D5-4E52-B3A3-80608EA484E6}.Debug .NET 3.5|Mixed Platforms.Build.0 = Debug .NET 3.5|Any CPU
		{CED9B1A4-A1D5-4E52-B3A3-80608EA484E6}.Debug .NET 3.5|Win32.ActiveCfg = Debug .NET 4.0|Any CPU
		{CED9B1A4-A1D5-4E52-B3A3-80608EA484E6}.Debug .NET 3.5|x64.ActiveCfg = Debug .NET 4.0|Any CPU
		{CED9B1A4-A1D5-4E52-B3A3-80608EA484E6}.Debug .NET 4.0|Any CPU.ActiveCfg = Debug|Any CPU
		{CED9B1A4-A1D5-4E52-B3A3-80608EA484E6}.Debug .NET 4.0|Any CPU.Build.0 = Debug|Any CPU
		{CED9B1A4-A1D5-4E52-B3A3-80608EA484E6}.Debug .NET 4.0|Mixed Platforms.ActiveCfg = Debug .NET 4.0|Any CPU
		{CED9B1A4-A1D5-4E52-B3A3-80608EA484E6}.Debug .NET 4.0|Mixed Platforms.Build.0 = Debug .NET 4.0|Any CPU
		{CED9B1A4-A1D5-4E52-B3A3-80608EA484E6}.Debug .NET 4.0|Win32.ActiveCfg = Debug .NET 4.0|Any CPU
		{CED9B1A4-A1D5-4E52-B3A3-80608EA484E6}.Debug .NET 4.0|x64.ActiveCfg = Debug .NET 4.0|Any CPU
		{CED9B1A4-A1D5-4E52-B3A3-80608EA484E6}.Release .NET 3.5|Any CPU.ActiveCfg = Debug|Any CPU
		{CED9B1A4-A1D5-4E52-B3A3-80608EA484E6}.Release .NET 3.5|Any CPU.Build.0 = Debug|Any CPU
		{CED9B1A4-A1D5-4E52-B3A3-80608EA484E6}.Release .NET 3.5|Mixed Platforms.ActiveCfg = Release .NET 3.5|Any CPU
		{CED9B1A4-A1D5-4E52-B3A3-80608EA484E6}.Release .NET 3.5|Mixed Platforms.Build.0 = Release .NET 3.5|Any CPU
		{CED9B1A4-A1D5-4E52-B3A3-80608EA484E6}.Release .NET 3.5|Win32.ActiveCfg = Release .NET 4.0|Any CPU
		{CED9B1A4-A1D5-4E52-B3A3-80608EA484E6}.Release .NET 3.5|x64.ActiveCfg = Release .NET 4.0|Any CPU
		{CED9B1A4-A1D5-4E52-B3A3-80608EA484E6}.Release .NET 4.0|Any CPU.ActiveCfg = Debug|Any CPU
		{CED9B1A4-A1D5-4E52-B3A3-80608EA484E6}.Release .NET 4.0|Any CPU.Build.0 = Debug|Any CPU
		{CED9B1A4-A1D5-4E52-B3A3-80608EA484E6}.Release .NET 4.0|Mixed Platforms.ActiveCfg = Release .NET 4.0|Any CPU
		{CED9B1A4-A1D5-4E52-B3A3-80608EA484E6}.Release .NET 4.0|Mixed Platforms.Build.0 = Release .NET 4.0|Any CPU
		{CED9B1A4-A1D5-4E52-B3A3-80608EA484E6}.Release .NET 4.0|Win32.ActiveCfg = Release .NET 4.0|Any CPU
		{CED9B1A4-A1D5-4E52-B3A3-80608EA484E6}.Release .NET 4.0|x64.ActiveCfg = Release .NET 4.0|Any CPU
		{05D34844-8E1F-4155-92E9-D086DE26362F}.Debug .NET 3.5|Any CPU.ActiveCfg = Debug|Any CPU
		{05D34844-8E1F-4155-92E9-D086DE26362F}.Debug .NET 3.5|Any CPU.Build.0 = Debug|Any CPU
		{05D34844-8E1F-4155-92E9-D086DE26362F}.Debug .NET 3.5|Mixed Platforms.ActiveCfg = Debug .NET 3.5|Any CPU
		{05D34844-8E1F-4155-92E9-D086DE26362F}.Debug .NET 3.5|Mixed Platforms.Build.0 = Debug .NET 3.5|Any CPU
		{05D34844-8E1F-4155-92E9-D086DE26362F}.Debug .NET 3.5|Win32.ActiveCfg = Debug .NET 3.5|Any CPU
		{05D34844-8E1F-4155-92E9-D086DE26362F}.Debug .NET 3.5|x64.ActiveCfg = Debug .NET 3.5|Any CPU
		{05D34844-8E1F-4155-92E9-D086DE26362F}.Debug .NET 4.0|Any CPU.ActiveCfg = Debug|Any CPU
		{05D34844-8E1F-4155-92E9-D086DE26362F}.Debug .NET 4.0|Any CPU.Build.0 = Debug|Any CPU
		{05D34844-8E1F-4155-92E9-D086DE26362F}.Debug .NET 4.0|Mixed Platforms.ActiveCfg = Debug .NET 4.0|Any CPU
		{05D34844-8E1F-4155-92E9-D086DE26362F}.Debug .NET 4.0|Mixed Platforms.Build.0 = Debug .NET 4.0|Any CPU
		{05D34844-8E1F-4155-92E9-D086DE26362F}.Debug .NET 4.0|Win32.ActiveCfg = Debug .NET 4.0|Any CPU
		{05D34844-8E1F-4155-92E9-D086DE26362F}.Debug .NET 4.0|x64.ActiveCfg = Debug .NET 4.0|Any CPU
		{05D34844-8E1F-4155-92E9-D086DE26362F}.Release .NET 3.5|Any CPU.ActiveCfg = Debug|Any CPU
		{05D34844-8E1F-4155-92E9-D086DE26362F}.Release .NET 3.5|Any CPU.Build.0 = Debug|Any CPU
		{05D34844-8E1F-4155-92E9-D086DE26362F}.Release .NET 3.5|Mixed Platforms.ActiveCfg = Debug .NET 4.0|Any CPU
		{05D34844-8E1F-4155-92E9-D086DE26362F}.Release .NET 3.5|Mixed Platforms.Build.0 = Debug .NET 4.0|Any CPU
		{05D34844-8E1F-4155-92E9-D086DE26362F}.Release .NET 3.5|Win32.ActiveCfg = Debug .NET 4.0|Any CPU
		{05D34844-8E1F-4155-92E9-D086DE26362F}.Release .NET 3.5|x64.ActiveCfg = Debug .NET 4.0|Any CPU
		{05D34844-8E1F-4155-92E9-D086DE26362F}.Release .NET 4.0|Any CPU.ActiveCfg = Debug|Any CPU
		{05D34844-8E1F-4155-92E9-D086DE26362F}.Release .NET 4.0|Any CPU.Build.0 = Debug|Any CPU
		{05D34844-8E1F-4155-92E9-D086DE26362F}.Release .NET 4.0|Mixed Platforms.ActiveCfg = Debug .NET 4.0|Any CPU
		{05D34844-8E1F-4155-92E9-D086DE26362F}.Release .NET 4.0|Mixed Platforms.Build.0 = Debug .NET 4.0|Any CPU
		{05D34844-8E1F-4155-92E9-D086DE26362F}.Release .NET 4.0|Win32.ActiveCfg = Debug .NET 4.0|Any CPU
		{05D34844-8E1F-4155-92E9-D086DE26362F}.Release .NET 4.0|x64.ActiveCfg = Debug .NET 4.0|Any CPU
	EndGlobalSection
	GlobalSection(SolutionProperties) = preSolution
		HideSolutionNode = FALSE
	EndGlobalSection
	GlobalSection(ExtensibilityGlobals) = postSolution
		SolutionGuid = {2FE41E32-B3AC-48E8-B069-20BCC0AACA59}
	EndGlobalSection
EndGlobal
